
Microsoft Visual Studio Solution File, Format Version 12.00
# Visual Studio 15
VisualStudioVersion = 15.0.27703.2018
MinimumVisualStudioVersion = 10.0.40219.1
Project("{FAE04EC0-301F-11D3-BF4B-00C04F79EFBC}") = "SyntaxPluginBlue", "SyntaxPluginBlue\SyntaxPluginBlue.csproj", "{187DA11E-8D64-40C7-9A57-1C885013285F}"
EndProject
Global
	GlobalSection(SolutionConfigurationPlatforms) = preSolution
		Debug|Any CPU = Debug|Any CPU
		Release|Any CPU = Release|Any CPU
	EndGlobalSection
	GlobalSection(ProjectConfigurationPlatforms) = postSolution
		{187DA11E-8D64-40C7-9A57-1C885013285F}.Debug|Any CPU.ActiveCfg = Debug|Any CPU
		{187DA11E-8D64-40C7-9A57-1C885013285F}.Debug|Any CPU.Build.0 = Debug|Any CPU
		{187DA11E-8D64-40C7-9A57-1C885013285F}.Release|Any CPU.ActiveCfg = Release|Any CPU
		{187DA11E-8D64-40C7-9A57-1C885013285F}.Release|Any CPU.Build.0 = Release|Any CPU
	EndGlobalSection
	GlobalSection(SolutionProperties) = preSolution
		HideSolutionNode = FALSE
	EndGlobalSection
	GlobalSection(ExtensibilityGlobals) = postSolution
		SolutionGuid = {B12B2D9B-7FE9-4EB5-A87C-F93C2662C783}
	EndGlobalSection
EndGlobal
