
Microsoft Visual Studio Solution File, Format Version 12.00
# Visual Studio 15
VisualStudioVersion = 15.0.27130.2010
MinimumVisualStudioVersion = 10.0.40219.1
Project("{FAE04EC0-301F-11D3-BF4B-00C04F79EFBC}") = "BluePlugin", "BluePlugin\BluePlugin.csproj", "{24827C2E-524F-4FB1-8EBC-2FEB7ACBD6DE}"
EndProject
Global
	GlobalSection(SolutionConfigurationPlatforms) = preSolution
		Debug|Any CPU = Debug|Any CPU
		Release|Any CPU = Release|Any CPU
	EndGlobalSection
	GlobalSection(ProjectConfigurationPlatforms) = postSolution
		{24827C2E-524F-4FB1-8EBC-2FEB7ACBD6DE}.Debug|Any CPU.ActiveCfg = Debug|Any CPU
		{24827C2E-524F-4FB1-8EBC-2FEB7ACBD6DE}.Debug|Any CPU.Build.0 = Debug|Any CPU
		{24827C2E-524F-4FB1-8EBC-2FEB7ACBD6DE}.Release|Any CPU.ActiveCfg = Release|Any CPU
		{24827C2E-524F-4FB1-8EBC-2FEB7ACBD6DE}.Release|Any CPU.Build.0 = Release|Any CPU
	EndGlobalSection
	GlobalSection(SolutionProperties) = preSolution
		HideSolutionNode = FALSE
	EndGlobalSection
	GlobalSection(ExtensibilityGlobals) = postSolution
		SolutionGuid = {0FF8AFBA-F10E-4705-B0BB-619F622A4BE6}
	EndGlobalSection
EndGlobal
